// !$*UTF8*$!
{
	archiveVersion = 1;
	classes = {
	};
	objectVersion = 56;
	objects = {

/* Begin PBXBuildFile section */
		8ABE2AEE2A39C0F1008850CF /* talkerApp.swift in Sources */ = {isa = PBXBuildFile; fileRef = 8ABE2AED2A39C0F1008850CF /* talkerApp.swift */; };
		8ABE2AF02A39C0F1008850CF /* ContentView.swift in Sources */ = {isa = PBXBuildFile; fileRef = 8ABE2AEF2A39C0F1008850CF /* ContentView.swift */; };
		8ABE2AF22A39C0F4008850CF /* Assets.xcassets in Resources */ = {isa = PBXBuildFile; fileRef = 8ABE2AF12A39C0F4008850CF /* Assets.xcassets */; };
		8ABE2AF52A39C0F4008850CF /* Preview Assets.xcassets in Resources */ = {isa = PBXBuildFile; fileRef = 8ABE2AF42A39C0F4008850CF /* Preview Assets.xcassets */; };
		8ABE2AFF2A39C0F4008850CF /* talkerTests.swift in Sources */ = {isa = PBXBuildFile; fileRef = 8ABE2AFE2A39C0F4008850CF /* talkerTests.swift */; };
		8ABE2B092A39C0F4008850CF /* talkerUITests.swift in Sources */ = {isa = PBXBuildFile; fileRef = 8ABE2B082A39C0F4008850CF /* talkerUITests.swift */; };
		8ABE2B0B2A39C0F4008850CF /* talkerUITestsLaunchTests.swift in Sources */ = {isa = PBXBuildFile; fileRef = 8ABE2B0A2A39C0F4008850CF /* talkerUITestsLaunchTests.swift */; };
/* End PBXBuildFile section */

/* Begin PBXContainerItemProxy section */
		8ABE2AFB2A39C0F4008850CF /* PBXContainerItemProxy */ = {
			isa = PBXContainerItemProxy;
			containerPortal = 8ABE2AE22A39C0F1008850CF /* Project object */;
			proxyType = 1;
			remoteGlobalIDString = 8ABE2AE92A39C0F1008850CF;
			remoteInfo = talker;
		};
		8ABE2B052A39C0F4008850CF /* PBXContainerItemProxy */ = {
			isa = PBXContainerItemProxy;
			containerPortal = 8ABE2AE22A39C0F1008850CF /* Project object */;
			proxyType = 1;
			remoteGlobalIDString = 8ABE2AE92A39C0F1008850CF;
			remoteInfo = talker;
		};
/* End PBXContainerItemProxy section */

/* Begin PBXFileReference section */
		8ABE2AEA2A39C0F1008850CF /* talker.app */ = {isa = PBXFileReference; explicitFileType = wrapper.application; includeInIndex = 0; path = talker.app; sourceTree = BUILT_PRODUCTS_DIR; };
		8ABE2AED2A39C0F1008850CF /* talkerApp.swift */ = {isa = PBXFileReference; lastKnownFileType = sourcecode.swift; path = talkerApp.swift; sourceTree = "<group>"; };
		8ABE2AEF2A39C0F1008850CF /* ContentView.swift */ = {isa = PBXFileReference; lastKnownFileType = sourcecode.swift; path = ContentView.swift; sourceTree = "<group>"; };
		8ABE2AF12A39C0F4008850CF /* Assets.xcassets */ = {isa = PBXFileReference; lastKnownFileType = folder.assetcatalog; path = Assets.xcassets; sourceTree = "<group>"; };
		8ABE2AF42A39C0F4008850CF /* Preview Assets.xcassets */ = {isa = PBXFileReference; lastKnownFileType = folder.assetcatalog; path = "Preview Assets.xcassets"; sourceTree = "<group>"; };
		8ABE2AFA2A39C0F4008850CF /* talkerTests.xctest */ = {isa = PBXFileReference; explicitFileType = wrapper.cfbundle; includeInIndex = 0; path = talkerTests.xctest; sourceTree = BUILT_PRODUCTS_DIR; };
		8ABE2AFE2A39C0F4008850CF /* talkerTests.swift */ = {isa = PBXFileReference; lastKnownFileType = sourcecode.swift; path = talkerTests.swift; sourceTree = "<group>"; };
		8ABE2B042A39C0F4008850CF /* talkerUITests.xctest */ = {isa = PBXFileReference; explicitFileType = wrapper.cfbundle; includeInIndex = 0; path = talkerUITests.xctest; sourceTree = BUILT_PRODUCTS_DIR; };
		8ABE2B082A39C0F4008850CF /* talkerUITests.swift */ = {isa = PBXFileReference; lastKnownFileType = sourcecode.swift; path = talkerUITests.swift; sourceTree = "<group>"; };
		8ABE2B0A2A39C0F4008850CF /* talkerUITestsLaunchTests.swift */ = {isa = PBXFileReference; lastKnownFileType = sourcecode.swift; path = talkerUITestsLaunchTests.swift; sourceTree = "<group>"; };
/* End PBXFileReference section */

/* Begin PBXFrameworksBuildPhase section */
		8ABE2AE72A39C0F1008850CF /* Frameworks */ = {
			isa = PBXFrameworksBuildPhase;
			buildActionMask = 2147483647;
			files = (
			);
			runOnlyForDeploymentPostprocessing = 0;
		};
		8ABE2AF72A39C0F4008850CF /* Frameworks */ = {
			isa = PBXFrameworksBuildPhase;
			buildActionMask = 2147483647;
			files = (
			);
			runOnlyForDeploymentPostprocessing = 0;
		};
		8ABE2B012A39C0F4008850CF /* Frameworks */ = {
			isa = PBXFrameworksBuildPhase;
			buildActionMask = 2147483647;
			files = (
			);
			runOnlyForDeploymentPostprocessing = 0;
		};
/* End PBXFrameworksBuildPhase section */

/* Begin PBXGroup section */
		8ABE2AE12A39C0F1008850CF = {
			isa = PBXGroup;
			children = (
				8ABE2AEC2A39C0F1008850CF /* talker */,
				8ABE2AFD2A39C0F4008850CF /* talkerTests */,
				8ABE2B072A39C0F4008850CF /* talkerUITests */,
				8ABE2AEB2A39C0F1008850CF /* Products */,
			);
			sourceTree = "<group>";
		};
		8ABE2AEB2A39C0F1008850CF /* Products */ = {
			isa = PBXGroup;
			children = (
				8ABE2AEA2A39C0F1008850CF /* talker.app */,
				8ABE2AFA2A39C0F4008850CF /* talkerTests.xctest */,
				8ABE2B042A39C0F4008850CF /* talkerUITests.xctest */,
			);
			name = Products;
			sourceTree = "<group>";
		};
		8ABE2AEC2A39C0F1008850CF /* talker */ = {
			isa = PBXGroup;
			children = (
				8ABE2AED2A39C0F1008850CF /* talkerApp.swift */,
				8ABE2AEF2A39C0F1008850CF /* ContentView.swift */,
				8ABE2AF12A39C0F4008850CF /* Assets.xcassets */,
				8ABE2AF32A39C0F4008850CF /* Preview Content */,
			);
			path = talker;
			sourceTree = "<group>";
		};
		8ABE2AF32A39C0F4008850CF /* Preview Content */ = {
			isa = PBXGroup;
			children = (
				8ABE2AF42A39C0F4008850CF /* Preview Assets.xcassets */,
			);
			path = "Preview Content";
			sourceTree = "<group>";
		};
		8ABE2AFD2A39C0F4008850CF /* talkerTests */ = {
			isa = PBXGroup;
			children = (
				8ABE2AFE2A39C0F4008850CF /* talkerTests.swift */,
			);
			path = talkerTests;
			sourceTree = "<group>";
		};
		8ABE2B072A39C0F4008850CF /* talkerUITests */ = {
			isa = PBXGroup;
			children = (
				8ABE2B082A39C0F4008850CF /* talkerUITests.swift */,
				8ABE2B0A2A39C0F4008850CF /* talkerUITestsLaunchTests.swift */,
			);
			path = talkerUITests;
			sourceTree = "<group>";
		};
/* End PBXGroup section */

/* Begin PBXNativeTarget section */
		8ABE2AE92A39C0F1008850CF /* talker */ = {
			isa = PBXNativeTarget;
			buildConfigurationList = 8ABE2B0E2A39C0F4008850CF /* Build configuration list for PBXNativeTarget "talker" */;
			buildPhases = (
				8ABE2AE62A39C0F1008850CF /* Sources */,
				8ABE2AE72A39C0F1008850CF /* Frameworks */,
				8ABE2AE82A39C0F1008850CF /* Resources */,
			);
			buildRules = (
			);
			dependencies = (
			);
			name = talker;
			productName = talker;
			productReference = 8ABE2AEA2A39C0F1008850CF /* talker.app */;
			productType = "com.apple.product-type.application";
		};
		8ABE2AF92A39C0F4008850CF /* talkerTests */ = {
			isa = PBXNativeTarget;
			buildConfigurationList = 8ABE2B112A39C0F4008850CF /* Build configuration list for PBXNativeTarget "talkerTests" */;
			buildPhases = (
				8ABE2AF62A39C0F4008850CF /* Sources */,
				8ABE2AF72A39C0F4008850CF /* Frameworks */,
				8ABE2AF82A39C0F4008850CF /* Resources */,
			);
			buildRules = (
			);
			dependencies = (
				8ABE2AFC2A39C0F4008850CF /* PBXTargetDependency */,
			);
			name = talkerTests;
			productName = talkerTests;
			productReference = 8ABE2AFA2A39C0F4008850CF /* talkerTests.xctest */;
			productType = "com.apple.product-type.bundle.unit-test";
		};
		8ABE2B032A39C0F4008850CF /* talkerUITests */ = {
			isa = PBXNativeTarget;
			buildConfigurationList = 8ABE2B142A39C0F4008850CF /* Build configuration list for PBXNativeTarget "talkerUITests" */;
			buildPhases = (
				8ABE2B002A39C0F4008850CF /* Sources */,
				8ABE2B012A39C0F4008850CF /* Frameworks */,
				8ABE2B022A39C0F4008850CF /* Resources */,
			);
			buildRules = (
			);
			dependencies = (
				8ABE2B062A39C0F4008850CF /* PBXTargetDependency */,
			);
			name = talkerUITests;
			productName = talkerUITests;
			productReference = 8ABE2B042A39C0F4008850CF /* talkerUITests.xctest */;
			productType = "com.apple.product-type.bundle.ui-testing";
		};
/* End PBXNativeTarget section */

/* Begin PBXProject section */
		8ABE2AE22A39C0F1008850CF /* Project object */ = {
			isa = PBXProject;
			attributes = {
				BuildIndependentTargetsInParallel = 1;
				LastSwiftUpdateCheck = 1430;
				LastUpgradeCheck = 1430;
				TargetAttributes = {
					8ABE2AE92A39C0F1008850CF = {
						CreatedOnToolsVersion = 14.3;
					};
					8ABE2AF92A39C0F4008850CF = {
						CreatedOnToolsVersion = 14.3;
						TestTargetID = 8ABE2AE92A39C0F1008850CF;
					};
					8ABE2B032A39C0F4008850CF = {
						CreatedOnToolsVersion = 14.3;
						TestTargetID = 8ABE2AE92A39C0F1008850CF;
					};
				};
			};
			buildConfigurationList = 8ABE2AE52A39C0F1008850CF /* Build configuration list for PBXProject "talker" */;
			compatibilityVersion = "Xcode 14.0";
			developmentRegion = en;
			hasScannedForEncodings = 0;
			knownRegions = (
				en,
				Base,
			);
			mainGroup = 8ABE2AE12A39C0F1008850CF;
			productRefGroup = 8ABE2AEB2A39C0F1008850CF /* Products */;
			projectDirPath = "";
			projectRoot = "";
			targets = (
				8ABE2AE92A39C0F1008850CF /* talker */,
				8ABE2AF92A39C0F4008850CF /* talkerTests */,
				8ABE2B032A39C0F4008850CF /* talkerUITests */,
			);
		};
/* End PBXProject section */

/* Begin PBXResourcesBuildPhase section */
		8ABE2AE82A39C0F1008850CF /* Resources */ = {
			isa = PBXResourcesBuildPhase;
			buildActionMask = 2147483647;
			files = (
				8ABE2AF52A39C0F4008850CF /* Preview Assets.xcassets in Resources */,
				8ABE2AF22A39C0F4008850CF /* Assets.xcassets in Resources */,
			);
			runOnlyForDeploymentPostprocessing = 0;
		};
		8ABE2AF82A39C0F4008850CF /* Resources */ = {
			isa = PBXResourcesBuildPhase;
			buildActionMask = 2147483647;
			files = (
			);
			runOnlyForDeploymentPostprocessing = 0;
		};
		8ABE2B022A39C0F4008850CF /* Resources */ = {
			isa = PBXResourcesBuildPhase;
			buildActionMask = 2147483647;
			files = (
			);
			runOnlyForDeploymentPostprocessing = 0;
		};
/* End PBXResourcesBuildPhase section */

/* Begin PBXSourcesBuildPhase section */
		8ABE2AE62A39C0F1008850CF /* Sources */ = {
			isa = PBXSourcesBuildPhase;
			buildActionMask = 2147483647;
			files = (
				8ABE2AF02A39C0F1008850CF /* ContentView.swift in Sources */,
				8ABE2AEE2A39C0F1008850CF /* talkerApp.swift in Sources */,
			);
			runOnlyForDeploymentPostprocessing = 0;
		};
		8ABE2AF62A39C0F4008850CF /* Sources */ = {
			isa = PBXSourcesBuildPhase;
			buildActionMask = 2147483647;
			files = (
				8ABE2AFF2A39C0F4008850CF /* talkerTests.swift in Sources */,
			);
			runOnlyForDeploymentPostprocessing = 0;
		};
		8ABE2B002A39C0F4008850CF /* Sources */ = {
			isa = PBXSourcesBuildPhase;
			buildActionMask = 2147483647;
			files = (
				8ABE2B092A39C0F4008850CF /* talkerUITests.swift in Sources */,
				8ABE2B0B2A39C0F4008850CF /* talkerUITestsLaunchTests.swift in Sources */,
			);
			runOnlyForDeploymentPostprocessing = 0;
		};
/* End PBXSourcesBuildPhase section */

/* Begin PBXTargetDependency section */
		8ABE2AFC2A39C0F4008850CF /* PBXTargetDependency */ = {
			isa = PBXTargetDependency;
			target = 8ABE2AE92A39C0F1008850CF /* talker */;
			targetProxy = 8ABE2AFB2A39C0F4008850CF /* PBXContainerItemProxy */;
		};
		8ABE2B062A39C0F4008850CF /* PBXTargetDependency */ = {
			isa = PBXTargetDependency;
			target = 8ABE2AE92A39C0F1008850CF /* talker */;
			targetProxy = 8ABE2B052A39C0F4008850CF /* PBXContainerItemProxy */;
		};
/* End PBXTargetDependency section */

/* Begin XCBuildConfiguration section */
		8ABE2B0C2A39C0F4008850CF /* Debug */ = {
			isa = XCBuildConfiguration;
			buildSettings = {
				ALWAYS_SEARCH_USER_PATHS = NO;
				CLANG_ANALYZER_NONNULL = YES;
				CLANG_ANALYZER_NUMBER_OBJECT_CONVERSION = YES_AGGRESSIVE;
				CLANG_CXX_LANGUAGE_STANDARD = "gnu++20";
				CLANG_ENABLE_MODULES = YES;
				CLANG_ENABLE_OBJC_ARC = YES;
				CLANG_ENABLE_OBJC_WEAK = YES;
				CLANG_WARN_BLOCK_CAPTURE_AUTORELEASING = YES;
				CLANG_WARN_BOOL_CONVERSION = YES;
				CLANG_WARN_COMMA = YES;
				CLANG_WARN_CONSTANT_CONVERSION = YES;
				CLANG_WARN_DEPRECATED_OBJC_IMPLEMENTATIONS = YES;
				CLANG_WARN_DIRECT_OBJC_ISA_USAGE = YES_ERROR;
				CLANG_WARN_DOCUMENTATION_COMMENTS = YES;
				CLANG_WARN_EMPTY_BODY = YES;
				CLANG_WARN_ENUM_CONVERSION = YES;
				CLANG_WARN_INFINITE_RECURSION = YES;
				CLANG_WARN_INT_CONVERSION = YES;
				CLANG_WARN_NON_LITERAL_NULL_CONVERSION = YES;
				CLANG_WARN_OBJC_IMPLICIT_RETAIN_SELF = YES;
				CLANG_WARN_OBJC_LITERAL_CONVERSION = YES;
				CLANG_WARN_OBJC_ROOT_CLASS = YES_ERROR;
				CLANG_WARN_QUOTED_INCLUDE_IN_FRAMEWORK_HEADER = YES;
				CLANG_WARN_RANGE_LOOP_ANALYSIS = YES;
				CLANG_WARN_STRICT_PROTOTYPES = YES;
				CLANG_WARN_SUSPICIOUS_MOVE = YES;
				CLANG_WARN_UNGUARDED_AVAILABILITY = YES_AGGRESSIVE;
				CLANG_WARN_UNREACHABLE_CODE = YES;
				CLANG_WARN__DUPLICATE_METHOD_MATCH = YES;
				COPY_PHASE_STRIP = NO;
				DEBUG_INFORMATION_FORMAT = dwarf;
				ENABLE_STRICT_OBJC_MSGSEND = YES;
				ENABLE_TESTABILITY = YES;
				GCC_C_LANGUAGE_STANDARD = gnu11;
				GCC_DYNAMIC_NO_PIC = NO;
				GCC_NO_COMMON_BLOCKS = YES;
				GCC_OPTIMIZATION_LEVEL = 0;
				GCC_PREPROCESSOR_DEFINITIONS = (
					"DEBUG=1",
					"$(inherited)",
				);
				GCC_WARN_64_TO_32_BIT_CONVERSION = YES;
				GCC_WARN_ABOUT_RETURN_TYPE = YES_ERROR;
				GCC_WARN_UNDECLARED_SELECTOR = YES;
				GCC_WARN_UNINITIALIZED_AUTOS = YES_AGGRESSIVE;
				GCC_WARN_UNUSED_FUNCTION = YES;
				GCC_WARN_UNUSED_VARIABLE = YES;
				IPHONEOS_DEPLOYMENT_TARGET = 16.4;
				MTL_ENABLE_DEBUG_INFO = INCLUDE_SOURCE;
				MTL_FAST_MATH = YES;
				ONLY_ACTIVE_ARCH = YES;
				SDKROOT = iphoneos;
				SWIFT_ACTIVE_COMPILATION_CONDITIONS = DEBUG;
				SWIFT_OPTIMIZATION_LEVEL = "-Onone";
			};
			name = Debug;
		};
		8ABE2B0D2A39C0F4008850CF /* Release */ = {
			isa = XCBuildConfiguration;
			buildSettings = {
				ALWAYS_SEARCH_USER_PATHS = NO;
				CLANG_ANALYZER_NONNULL = YES;
				CLANG_ANALYZER_NUMBER_OBJECT_CONVERSION = YES_AGGRESSIVE;
				CLANG_CXX_LANGUAGE_STANDARD = "gnu++20";
				CLANG_ENABLE_MODULES = YES;
				CLANG_ENABLE_OBJC_ARC = YES;
				CLANG_ENABLE_OBJC_WEAK = YES;
				CLANG_WARN_BLOCK_CAPTURE_AUTORELEASING = YES;
				CLANG_WARN_BOOL_CONVERSION = YES;
				CLANG_WARN_COMMA = YES;
				CLANG_WARN_CONSTANT_CONVERSION = YES;
				CLANG_WARN_DEPRECATED_OBJC_IMPLEMENTATIONS = YES;
				CLANG_WARN_DIRECT_OBJC_ISA_USAGE = YES_ERROR;
				CLANG_WARN_DOCUMENTATION_COMMENTS = YES;
				CLANG_WARN_EMPTY_BODY = YES;
				CLANG_WARN_ENUM_CONVERSION = YES;
				CLANG_WARN_INFINITE_RECURSION = YES;
				CLANG_WARN_INT_CONVERSION = YES;
				CLANG_WARN_NON_LITERAL_NULL_CONVERSION = YES;
				CLANG_WARN_OBJC_IMPLICIT_RETAIN_SELF = YES;
				CLANG_WARN_OBJC_LITERAL_CONVERSION = YES;
				CLANG_WARN_OBJC_ROOT_CLASS = YES_ERROR;
				CLANG_WARN_QUOTED_INCLUDE_IN_FRAMEWORK_HEADER = YES;
				CLANG_WARN_RANGE_LOOP_ANALYSIS = YES;
				CLANG_WARN_STRICT_PROTOTYPES = YES;
				CLANG_WARN_SUSPICIOUS_MOVE = YES;
				CLANG_WARN_UNGUARDED_AVAILABILITY = YES_AGGRESSIVE;
				CLANG_WARN_UNREACHABLE_CODE = YES;
				CLANG_WARN__DUPLICATE_METHOD_MATCH = YES;
				COPY_PHASE_STRIP = NO;
				DEBUG_INFORMATION_FORMAT = "dwarf-with-dsym";
				ENABLE_NS_ASSERTIONS = NO;
				ENABLE_STRICT_OBJC_MSGSEND = YES;
				GCC_C_LANGUAGE_STANDARD = gnu11;
				GCC_NO_COMMON_BLOCKS = YES;
				GCC_WARN_64_TO_32_BIT_CONVERSION = YES;
				GCC_WARN_ABOUT_RETURN_TYPE = YES_ERROR;
				GCC_WARN_UNDECLARED_SELECTOR = YES;
				GCC_WARN_UNINITIALIZED_AUTOS = YES_AGGRESSIVE;
				GCC_WARN_UNUSED_FUNCTION = YES;
				GCC_WARN_UNUSED_VARIABLE = YES;
				IPHONEOS_DEPLOYMENT_TARGET = 16.4;
				MTL_ENABLE_DEBUG_INFO = NO;
				MTL_FAST_MATH = YES;
				SDKROOT = iphoneos;
				SWIFT_COMPILATION_MODE = wholemodule;
				SWIFT_OPTIMIZATION_LEVEL = "-O";
				VALIDATE_PRODUCT = YES;
			};
			name = Release;
		};
		8ABE2B0F2A39C0F4008850CF /* Debug */ = {
			isa = XCBuildConfiguration;
			buildSettings = {
				ASSETCATALOG_COMPILER_APPICON_NAME = AppIcon;
				ASSETCATALOG_COMPILER_GLOBAL_ACCENT_COLOR_NAME = AccentColor;
				CODE_SIGN_STYLE = Automatic;
				CURRENT_PROJECT_VERSION = 1;
				DEVELOPMENT_ASSET_PATHS = "\"talker/Preview Content\"";
				ENABLE_PREVIEWS = YES;
				GENERATE_INFOPLIST_FILE = YES;
				INFOPLIST_KEY_UIApplicationSceneManifest_Generation = YES;
				INFOPLIST_KEY_UIApplicationSupportsIndirectInputEvents = YES;
				INFOPLIST_KEY_UILaunchScreen_Generation = YES;
				INFOPLIST_KEY_UISupportedInterfaceOrientations_iPad = "UIInterfaceOrientationPortrait UIInterfaceOrientationPortraitUpsideDown UIInterfaceOrientationLandscapeLeft UIInterfaceOrientationLandscapeRight";
				INFOPLIST_KEY_UISupportedInterfaceOrientations_iPhone = "UIInterfaceOrientationPortrait UIInterfaceOrientationLandscapeLeft UIInterfaceOrientationLandscapeRight";
				LD_RUNPATH_SEARCH_PATHS = (
					"$(inherited)",
					"@executable_path/Frameworks",
				);
				MARKETING_VERSION = 1.0;
				PRODUCT_BUNDLE_IDENTIFIER = com.alexeykerpel.talker;
				PRODUCT_NAME = "$(TARGET_NAME)";
				SWIFT_EMIT_LOC_STRINGS = YES;
				SWIFT_VERSION = 5.0;
				TARGETED_DEVICE_FAMILY = "1,2";
			};
			name = Debug;
		};
		8ABE2B102A39C0F4008850CF /* Release */ = {
			isa = XCBuildConfiguration;
			buildSettings = {
				ASSETCATALOG_COMPILER_APPICON_NAME = AppIcon;
				ASSETCATALOG_COMPILER_GLOBAL_ACCENT_COLOR_NAME = AccentColor;
				CODE_SIGN_STYLE = Automatic;
				CURRENT_PROJECT_VERSION = 1;
				DEVELOPMENT_ASSET_PATHS = "\"talker/Preview Content\"";
				ENABLE_PREVIEWS = YES;
				GENERATE_INFOPLIST_FILE = YES;
				INFOPLIST_KEY_UIApplicationSceneManifest_Generation = YES;
				INFOPLIST_KEY_UIApplicationSupportsIndirectInputEvents = YES;
				INFOPLIST_KEY_UILaunchScreen_Generation = YES;
				INFOPLIST_KEY_UISupportedInterfaceOrientations_iPad = "UIInterfaceOrientationPortrait UIInterfaceOrientationPortraitUpsideDown UIInterfaceOrientationLandscapeLeft UIInterfaceOrientationLandscapeRight";
				INFOPLIST_KEY_UISupportedInterfaceOrientations_iPhone = "UIInterfaceOrientationPortrait UIInterfaceOrientationLandscapeLeft UIInterfaceOrientationLandscapeRight";
				LD_RUNPATH_SEARCH_PATHS = (
					"$(inherited)",
					"@executable_path/Frameworks",
				);
				MARKETING_VERSION = 1.0;
				PRODUCT_BUNDLE_IDENTIFIER = com.alexeykerpel.talker;
				PRODUCT_NAME = "$(TARGET_NAME)";
				SWIFT_EMIT_LOC_STRINGS = YES;
				SWIFT_VERSION = 5.0;
				TARGETED_DEVICE_FAMILY = "1,2";
			};
			name = Release;
		};
		8ABE2B122A39C0F4008850CF /* Debug */ = {
			isa = XCBuildConfiguration;
			buildSettings = {
				ALWAYS_EMBED_SWIFT_STANDARD_LIBRARIES = YES;
				BUNDLE_LOADER = "$(TEST_HOST)";
				CODE_SIGN_STYLE = Automatic;
				CURRENT_PROJECT_VERSION = 1;
				GENERATE_INFOPLIST_FILE = YES;
				IPHONEOS_DEPLOYMENT_TARGET = 16.4;
				MARKETING_VERSION = 1.0;
				PRODUCT_BUNDLE_IDENTIFIER = com.alexeykerpel.talkerTests;
				PRODUCT_NAME = "$(TARGET_NAME)";
				SWIFT_EMIT_LOC_STRINGS = NO;
				SWIFT_VERSION = 5.0;
				TARGETED_DEVICE_FAMILY = "1,2";
				TEST_HOST = "$(BUILT_PRODUCTS_DIR)/talker.app/$(BUNDLE_EXECUTABLE_FOLDER_PATH)/talker";
			};
			name = Debug;
		};
		8ABE2B132A39C0F4008850CF /* Release */ = {
			isa = XCBuildConfiguration;
			buildSettings = {
				ALWAYS_EMBED_SWIFT_STANDARD_LIBRARIES = YES;
				BUNDLE_LOADER = "$(TEST_HOST)";
				CODE_SIGN_STYLE = Automatic;
				CURRENT_PROJECT_VERSION = 1;
				GENERATE_INFOPLIST_FILE = YES;
				IPHONEOS_DEPLOYMENT_TARGET = 16.4;
				MARKETING_VERSION = 1.0;
				PRODUCT_BUNDLE_IDENTIFIER = com.alexeykerpel.talkerTests;
				PRODUCT_NAME = "$(TARGET_NAME)";
				SWIFT_EMIT_LOC_STRINGS = NO;
				SWIFT_VERSION = 5.0;
				TARGETED_DEVICE_FAMILY = "1,2";
				TEST_HOST = "$(BUILT_PRODUCTS_DIR)/talker.app/$(BUNDLE_EXECUTABLE_FOLDER_PATH)/talker";
			};
			name = Release;
		};
		8ABE2B152A39C0F4008850CF /* Debug */ = {
			isa = XCBuildConfiguration;
			buildSettings = {
				ALWAYS_EMBED_SWIFT_STANDARD_LIBRARIES = YES;
				CODE_SIGN_STYLE = Automatic;
				CURRENT_PROJECT_VERSION = 1;
				GENERATE_INFOPLIST_FILE = YES;
				MARKETING_VERSION = 1.0;
				PRODUCT_BUNDLE_IDENTIFIER = com.alexeykerpel.talkerUITests;
				PRODUCT_NAME = "$(TARGET_NAME)";
				SWIFT_EMIT_LOC_STRINGS = NO;
				SWIFT_VERSION = 5.0;
				TARGETED_DEVICE_FAMILY = "1,2";
				TEST_TARGET_NAME = talker;
			};
			name = Debug;
		};
		8ABE2B162A39C0F4008850CF /* Release */ = {
			isa = XCBuildConfiguration;
			buildSettings = {
				ALWAYS_EMBED_SWIFT_STANDARD_LIBRARIES = YES;
				CODE_SIGN_STYLE = Automatic;
				CURRENT_PROJECT_VERSION = 1;
				GENERATE_INFOPLIST_FILE = YES;
				MARKETING_VERSION = 1.0;
				PRODUCT_BUNDLE_IDENTIFIER = com.alexeykerpel.talkerUITests;
				PRODUCT_NAME = "$(TARGET_NAME)";
				SWIFT_EMIT_LOC_STRINGS = NO;
				SWIFT_VERSION = 5.0;
				TARGETED_DEVICE_FAMILY = "1,2";
				TEST_TARGET_NAME = talker;
			};
			name = Release;
		};
/* End XCBuildConfiguration section */

/* Begin XCConfigurationList section */
		8ABE2AE52A39C0F1008850CF /* Build configuration list for PBXProject "talker" */ = {
			isa = XCConfigurationList;
			buildConfigurations = (
				8ABE2B0C2A39C0F4008850CF /* Debug */,
				8ABE2B0D2A39C0F4008850CF /* Release */,
			);
			defaultConfigurationIsVisible = 0;
			defaultConfigurationName = Release;
		};
		8ABE2B0E2A39C0F4008850CF /* Build configuration list for PBXNativeTarget "talker" */ = {
			isa = XCConfigurationList;
			buildConfigurations = (
				8ABE2B0F2A39C0F4008850CF /* Debug */,
				8ABE2B102A39C0F4008850CF /* Release */,
			);
			defaultConfigurationIsVisible = 0;
			defaultConfigurationName = Release;
		};
		8ABE2B112A39C0F4008850CF /* Build configuration list for PBXNativeTarget "talkerTests" */ = {
			isa = XCConfigurationList;
			buildConfigurations = (
				8ABE2B122A39C0F4008850CF /* Debug */,
				8ABE2B132A39C0F4008850CF /* Release */,
			);
			defaultConfigurationIsVisible = 0;
			defaultConfigurationName = Release;
		};
		8ABE2B142A39C0F4008850CF /* Build configuration list for PBXNativeTarget "talkerUITests" */ = {
			isa = XCConfigurationList;
			buildConfigurations = (
				8ABE2B152A39C0F4008850CF /* Debug */,
				8ABE2B162A39C0F4008850CF /* Release */,
			);
			defaultConfigurationIsVisible = 0;
			defaultConfigurationName = Release;
		};
/* End XCConfigurationList section */
	};
	rootObject = 8ABE2AE22A39C0F1008850CF /* Project object */;
}
